
Microsoft Visual Studio Solution File, Format Version 12.00
# Visual Studio 15
VisualStudioVersion = 15.0.28010.2019
MinimumVisualStudioVersion = 10.0.40219.1
Project("{9A19103F-16F7-4668-BE54-9A1E7A4F7556}") = "ImpactAnalyzer", "ImpactAnalyzer.csproj", "{FB1F6F0C-1398-4B6E-8C76-525B8D09D180}"
EndProject
Global
	GlobalSection(SolutionConfigurationPlatforms) = preSolution
		Debug|Any CPU = Debug|Any CPU
		ReleasePublicCoreFx|Any CPU = ReleasePublicCoreFx|Any CPU
		ReleaseLocalCoreFxKeepAlive|Any CPU = ReleaseLocalCoreFxKeepAlive|Any CPU
		ReleaseLocalCoreFxMaster|Any CPU = ReleaseLocalCoreFxMaster|Any CPU
	EndGlobalSection
	GlobalSection(ProjectConfigurationPlatforms) = postSolution
		{FB1F6F0C-1398-4B6E-8C76-525B8D09D180}.Debug|Any CPU.ActiveCfg = Debug|Any CPU
		{FB1F6F0C-1398-4B6E-8C76-525B8D09D180}.Debug|Any CPU.Build.0 = Debug|Any CPU
		{FB1F6F0C-1398-4B6E-8C76-525B8D09D180}.ReleasePublicCoreFx|Any CPU.ActiveCfg = ReleasePublicCoreFx|Any CPU
		{FB1F6F0C-1398-4B6E-8C76-525B8D09D180}.ReleasePublicCoreFx|Any CPU.Build.0 = ReleasePublicCoreFx|Any CPU
		{FB1F6F0C-1398-4B6E-8C76-525B8D09D180}.ReleaseLocalCoreFxKeepAlive|Any CPU.ActiveCfg = ReleaseLocalCoreFxKeepAlive|Any CPU
		{FB1F6F0C-1398-4B6E-8C76-525B8D09D180}.ReleaseLocalCoreFxKeepAlive|Any CPU.Build.0 = ReleaseLocalCoreFxKeepAlive|Any CPU
		{FB1F6F0C-1398-4B6E-8C76-525B8D09D180}.ReleaseLocalCoreFxMaster|Any CPU.ActiveCfg = ReleaseLocalCoreFxMaster|Any CPU
		{FB1F6F0C-1398-4B6E-8C76-525B8D09D180}.ReleaseLocalCoreFxMaster|Any CPU.Build.0 = ReleaseLocalCoreFxMaster|Any CPU
	EndGlobalSection
	GlobalSection(SolutionProperties) = preSolution
		HideSolutionNode = FALSE
	EndGlobalSection
	GlobalSection(ExtensibilityGlobals) = postSolution
		SolutionGuid = {0501EADE-F049-435A-9CEF-97B52BD4A2FD}
	EndGlobalSection
EndGlobal
